{
  "name": "mall",
  "version": "1.0.0",
  "lockfileVersion": 1,
  "requires": true,
  "dependencies": {
    "webpack": {
      "version": "1.15.0",
      "resolved": "http://registry.npm.taobao.org/webpack/download/webpack-1.15.0.tgz",
      "dev": true,
      "dependencies": {
        "acorn": {
          "version": "http://registry.npm.taobao.org/acorn/download/acorn-3.3.0.tgz",
          "bundled": true
        },
        "async": {
          "version": "http://registry.npm.taobao.org/async/download/async-1.5.2.tgz",
          "bundled": true
        },
        "clone": {
          "version": "http://registry.npm.taobao.org/clone/download/clone-1.0.4.tgz",
          "bundled": true
        },
        "enhanced-resolve": {
          "version": "http://registry.npm.taobao.org/enhanced-resolve/download/enhanced-resolve-0.9.1.tgz",
          "bundled": true
        },
        "interpret": {
          "version": "http://registry.npm.taobao.org/interpret/download/interpret-0.6.6.tgz",
          "bundled": true
        },
        "loader-utils": {
          "version": "http://registry.npm.taobao.org/loader-utils/download/loader-utils-0.2.17.tgz",
          "bundled": true
        },
        "memory-fs": {
          "version": "http://registry.npm.taobao.org/memory-fs/download/memory-fs-0.3.0.tgz",
          "bundled": true
        },
        "mkdirp": {
          "version": "http://registry.npm.taobao.org/mkdirp/download/mkdirp-0.5.1.tgz",
          "bundled": true
        },
        "node-libs-browser": {
          "version": "http://registry.npm.taobao.org/node-libs-browser/download/node-libs-browser-0.7.0.tgz",
          "bundled": true,
          "dependencies": {
            "assert": {
              "version": "http://registry.npm.taobao.org/assert/download/assert-1.4.1.tgz"
            },
            "browserify-zlib": {
              "version": "http://registry.npm.taobao.org/browserify-zlib/download/browserify-zlib-0.1.4.tgz"
            },
            "buffer": {
              "version": "http://registry.npm.taobao.org/buffer/download/buffer-4.9.1.tgz"
            },
            "console-browserify": {
              "version": "http://registry.npm.taobao.org/console-browserify/download/console-browserify-1.1.0.tgz"
            },
            "constants-browserify": {
              "version": "http://registry.npm.taobao.org/constants-browserify/download/constants-browserify-1.0.0.tgz"
            },
            "crypto-browserify": {
              "version": "http://registry.npm.taobao.org/crypto-browserify/download/crypto-browserify-3.3.0.tgz"
            },
            "domain-browser": {
              "version": "http://registry.npm.taobao.org/domain-browser/download/domain-browser-1.2.0.tgz"
            },
            "events": {
              "version": "http://registry.npm.taobao.org/events/download/events-1.1.1.tgz"
            },
            "https-browserify": {
              "version": "http://registry.npm.taobao.org/https-browserify/download/https-browserify-0.0.1.tgz"
            },
            "os-browserify": {
              "version": "http://registry.npm.taobao.org/os-browserify/download/os-browserify-0.2.1.tgz"
            },
            "path-browserify": {
              "version": "http://registry.npm.taobao.org/path-browserify/download/path-browserify-0.0.0.tgz"
            },
            "process": {
              "version": "http://registry.npm.taobao.org/process/download/process-0.11.10.tgz"
            },
            "punycode": {
              "version": "http://registry.npm.taobao.org/punycode/download/punycode-1.4.1.tgz"
            },
            "querystring-es3": {
              "version": "http://registry.npm.taobao.org/querystring-es3/download/querystring-es3-0.2.1.tgz"
            },
            "readable-stream": {
              "version": "http://registry.npm.taobao.org/readable-stream/download/readable-stream-2.3.6.tgz",
              "dependencies": {
                "core-util-is": {
                  "version": "http://registry.npm.taobao.org/core-util-is/download/core-util-is-1.0.2.tgz"
                },
                "inherits": {
                  "version": "http://registry.npm.taobao.org/inherits/download/inherits-2.0.3.tgz"
                },
                "isarray": {
                  "version": "http://registry.npm.taobao.org/isarray/download/isarray-1.0.0.tgz"
                },
                "process-nextick-args": {
                  "version": "http://registry.npm.taobao.org/process-nextick-args/download/process-nextick-args-2.0.0.tgz"
                },
                "safe-buffer": {
                  "version": "http://registry.npm.taobao.org/safe-buffer/download/safe-buffer-5.1.2.tgz"
                },
                "string_decoder": {
                  "version": "http://registry.npm.taobao.org/string_decoder/download/string_decoder-1.1.1.tgz"
                },
                "util-deprecate": {
                  "version": "http://registry.npm.taobao.org/util-deprecate/download/util-deprecate-1.0.2.tgz"
                }
              }
            },
            "stream-browserify": {
              "version": "http://registry.npm.taobao.org/stream-browserify/download/stream-browserify-2.0.1.tgz"
            },
            "stream-http": {
              "version": "http://registry.npm.taobao.org/stream-http/download/stream-http-2.8.3.tgz"
            },
            "string_decoder": {
              "version": "http://registry.npm.taobao.org/string_decoder/download/string_decoder-0.10.31.tgz"
            },
            "timers-browserify": {
              "version": "http://registry.npm.taobao.org/timers-browserify/download/timers-browserify-2.0.10.tgz"
            },
            "tty-browserify": {
              "version": "http://registry.npm.taobao.org/tty-browserify/download/tty-browserify-0.0.0.tgz"
            },
            "url": {
              "version": "http://registry.npm.taobao.org/url/download/url-0.11.0.tgz"
            },
            "util": {
              "version": "http://registry.npm.taobao.org/util/download/util-0.10.4.tgz"
            },
            "vm-browserify": {
              "version": "http://registry.npm.taobao.org/vm-browserify/download/vm-browserify-0.0.4.tgz"
            }
          }
        },
        "optimist": {
          "version": "http://registry.npm.taobao.org/optimist/download/optimist-0.6.1.tgz",
          "bundled": true
        },
        "supports-color": {
          "version": "http://registry.npm.taobao.org/supports-color/download/supports-color-3.2.3.tgz",
          "bundled": true
        },
        "tapable": {
          "version": "http://registry.npm.taobao.org/tapable/download/tapable-0.1.10.tgz",
          "bundled": true
        },
        "uglify-js": {
          "version": "http://registry.npm.taobao.org/uglify-js/download/uglify-js-2.7.5.tgz",
          "bundled": true
        },
        "watchpack": {
          "version": "http://registry.npm.taobao.org/watchpack/download/watchpack-0.2.9.tgz",
          "bundled": true
        },
        "webpack-core": {
          "version": "http://registry.npm.taobao.org/webpack-core/download/webpack-core-0.6.9.tgz",
          "bundled": true
        }
      }
    }
  }
}
